{
  "object": {
    "pins": [
      {
        "package": "FaceppSwift",
        "repositoryURL": "https://github.com/AmatsuZero/FaceppSwift.git",
        "state": {
          "branch": null,
          "revision": "e28cc8d38b60b22bd26fb0bced07b8a4ed660afa",
          "version": "0.1.5"
        }
      },
      {
        "package": "swift-argument-parser",
        "repositoryURL": "https://github.com/apple/swift-argument-parser.git",
        "state": {
          "branch": null,
          "revision": "f6ac7b8118ff5d1bc0faee7f37bf6f8fd8f95602",
          "version": "0.0.1"
        }
      },
      {
        "package": "SwiftGD",
        "repositoryURL": "https://github.com/twostraws/SwiftGD.git",
        "state": {
          "branch": null,
          "revision": "1960998971b453101e740f25bc6d9fb01e0ba225",
          "version": "2.5.0"
        }
      }
    ]
  },
  "version": 1
}
